
Microsoft Visual Studio Solution File, Format Version 12.00
# Visual Studio Version 17
VisualStudioVersion = 17.14.36310.24
MinimumVisualStudioVersion = 10.0.40219.1
Project("{2150E333-8FDC-42A3-9474-1A3956D46DE8}") = ".github", ".github", "{02EA681E-C7D8-13C7-8484-4AC65E1B71E8}"
EndProject
Project("{2150E333-8FDC-42A3-9474-1A3956D46DE8}") = "workflows", "workflows", "{9945A70A-E4F4-4E3A-8A7F-37B91F5A900F}"
	ProjectSection(SolutionItems) = preProject
		deploy.yml = deploy.yml
	EndProjectSection
EndProject
Project("{FAE04EC0-301F-11D3-BF4B-00C04F79EFBC}") = "OnuInstitute", "OnuInstitute\OnuInstitute.csproj", "{A38E19BB-E736-0F10-CA29-32256C4FE22C}"
EndProject
Global
	GlobalSection(SolutionConfigurationPlatforms) = preSolution
		Debug|Any CPU = Debug|Any CPU
		Release|Any CPU = Release|Any CPU
	EndGlobalSection
	GlobalSection(ProjectConfigurationPlatforms) = postSolution
		{A38E19BB-E736-0F10-CA29-32256C4FE22C}.Debug|Any CPU.ActiveCfg = Debug|Any CPU
		{A38E19BB-E736-0F10-CA29-32256C4FE22C}.Debug|Any CPU.Build.0 = Debug|Any CPU
		{A38E19BB-E736-0F10-CA29-32256C4FE22C}.Release|Any CPU.ActiveCfg = Release|Any CPU
		{A38E19BB-E736-0F10-CA29-32256C4FE22C}.Release|Any CPU.Build.0 = Release|Any CPU
	EndGlobalSection
	GlobalSection(SolutionProperties) = preSolution
		HideSolutionNode = FALSE
	EndGlobalSection
	GlobalSection(NestedProjects) = preSolution
		{9945A70A-E4F4-4E3A-8A7F-37B91F5A900F} = {02EA681E-C7D8-13C7-8484-4AC65E1B71E8}
	EndGlobalSection
	GlobalSection(ExtensibilityGlobals) = postSolution
		SolutionGuid = {43289EF9-F16F-4304-A68C-5B1972E67EFD}
	EndGlobalSection
EndGlobal
